
Microsoft Visual Studio Solution File, Format Version 12.00
# Visual Studio Version 17
VisualStudioVersion = 17.14.36603.0
MinimumVisualStudioVersion = 10.0.40219.1
Project("{FAE04EC0-301F-11D3-BF4B-00C04F79EFBC}") = "LessRestrictingHeadwear", "LessRestrictingHeadwear.csproj", "{6174B29D-63EF-434C-9C9C-C2ACEB5E0BBF}"
EndProject
Global
	GlobalSection(SolutionConfigurationPlatforms) = preSolution
		Debug|x64 = Debug|x64
		Release|x64 = Release|x64
	EndGlobalSection
	GlobalSection(ProjectConfigurationPlatforms) = postSolution
		{6174B29D-63EF-434C-9C9C-C2ACEB5E0BBF}.Debug|x64.ActiveCfg = Debug|x64
		{6174B29D-63EF-434C-9C9C-C2ACEB5E0BBF}.Debug|x64.Build.0 = Debug|x64
		{6174B29D-63EF-434C-9C9C-C2ACEB5E0BBF}.Release|x64.ActiveCfg = Release|x64
		{6174B29D-63EF-434C-9C9C-C2ACEB5E0BBF}.Release|x64.Build.0 = Release|x64
	EndGlobalSection
	GlobalSection(SolutionProperties) = preSolution
		HideSolutionNode = FALSE
	EndGlobalSection
	GlobalSection(ExtensibilityGlobals) = postSolution
		SolutionGuid = {02F2B029-72A8-4C68-89D4-4A2CF1B98250}
	EndGlobalSection
EndGlobal
